{
    "_readme": [
        "This file locks the dependencies of your project to a known state",
        "Read more about it at https://getcomposer.org/doc/01-basic-usage.md#composer-lock-the-lock-file",
        "This file is @generated automatically"
    ],
    "hash": "0b6f89fb3f8a40021cae789312c7ca18",
    "content-hash": "220f3b38468c9fda084be76aab51e7d6",
    "packages": [
        {
            "name": "league/url",
            "version": "3.x-dev",
            "source": {
                "type": "git",
                "url": "https://github.com/thephpleague/url.git",
                "reference": "45f5529ea879ffc166cc4e4ffa478a212c183628"
            },
            "dist": {
                "type": "zip",
                "url": "http://packagist.phpcomposer.com/files/thephpleague/url/45f5529ea879ffc166cc4e4ffa478a212c183628.zip",
                "reference": "45f5529ea879ffc166cc4e4ffa478a212c183628",
                "shasum": ""
            },
            "require": {
                "ext-mbstring": "*",
                "php": ">=5.3.0",
                "true/punycode": "^2.0"
            },
            "require-dev": {
                "phpunit/phpunit": "^4.0"
            },
            "type": "library",
            "extra": {
                "branch-alias": {
                    "dev-master": "3.3-dev"
                }
            },
            "autoload": {
                "psr-4": {
                    "League\\Url\\": "src"
                }
            },
            "notification-url": "https://packagist.org/downloads/",
            "license": [
                "MIT"
            ],
            "authors": [
                {
                    "name": "Ignace Nyamagana Butera",
                    "email": "nyamsprod@gmail.com",
                    "homepage": "https://github.com/nyamsprod/",
                    "role": "Developer"
                }
            ],
            "description": "League/url is a lightweight PHP Url manipulating library",
            "homepage": "http://url.thephpleague.com",
            "keywords": [
                "parse_url",
                "php",
                "url"
            ],
            "time": "2015-09-24 10:19:47"
        },
        {
            "name": "true/punycode",
            "version": "v2.0.1",
            "source": {
                "type": "git",
                "url": "https://github.com/true/php-punycode.git",
                "reference": "b672918d992b84f8016bbe353a42516928393c63"
            },
            "dist": {
                "type": "zip",
                "url": "http://packagist.phpcomposer.com/files/true/php-punycode/b672918d992b84f8016bbe353a42516928393c63.zip",
                "reference": "b672918d992b84f8016bbe353a42516928393c63",
                "shasum": ""
            },
            "require": {
                "ext-mbstring": "*",
                "php": ">=5.3.0"
            },
            "require-dev": {
                "phpunit/phpunit": "~4.7",
                "squizlabs/php_codesniffer": "~2.0"
            },
            "type": "library",
            "autoload": {
                "psr-4": {
                    "TrueBV\\": "src/"
                }
            },
            "notification-url": "https://packagist.org/downloads/",
            "license": [
                "MIT"
            ],
            "authors": [
                {
                    "name": "Renan Gonçalves",
                    "email": "renan.saddam@gmail.com"
                }
            ],
            "description": "A Bootstring encoding of Unicode for Internationalized Domain Names in Applications (IDNA)",
            "homepage": "https://github.com/true/php-punycode",
            "keywords": [
                "idna",
                "punycode"
            ],
            "time": "2015-09-01 14:53:31"
        }
    ],
    "packages-dev": [],
    "aliases": [],
    "minimum-stability": "dev",
    "stability-flags": [],
    "prefer-stable": false,
    "prefer-lowest": false,
    "platform": {
        "php": ">=5.5.9",
        "ext-mbstring": "*"
    },
    "platform-dev": []
}
